
Microsoft Visual Studio Solution File, Format Version 12.00
# Visual Studio Version 17
VisualStudioVersion = 17.9.34622.214
MinimumVisualStudioVersion = 10.0.40219.1
Project("{FAE04EC0-301F-11D3-BF4B-00C04F79EFBC}") = "Do_An_1", "Do_An_1\Do_An_1.csproj", "{A9109AFD-9BB8-4124-9C2B-B184B8143BDC}"
EndProject
Global
	GlobalSection(SolutionConfigurationPlatforms) = preSolution
		Debug|Any CPU = Debug|Any CPU
		Release|Any CPU = Release|Any CPU
	EndGlobalSection
	GlobalSection(ProjectConfigurationPlatforms) = postSolution
		{A9109AFD-9BB8-4124-9C2B-B184B8143BDC}.Debug|Any CPU.ActiveCfg = Debug|Any CPU
		{A9109AFD-9BB8-4124-9C2B-B184B8143BDC}.Debug|Any CPU.Build.0 = Debug|Any CPU
		{A9109AFD-9BB8-4124-9C2B-B184B8143BDC}.Release|Any CPU.ActiveCfg = Release|Any CPU
		{A9109AFD-9BB8-4124-9C2B-B184B8143BDC}.Release|Any CPU.Build.0 = Release|Any CPU
	EndGlobalSection
	GlobalSection(SolutionProperties) = preSolution
		HideSolutionNode = FALSE
	EndGlobalSection
	GlobalSection(ExtensibilityGlobals) = postSolution
		SolutionGuid = {896EAA44-1C2F-44F2-8EF3-14E964B5B47C}
	EndGlobalSection
EndGlobal
